// !$*UTF8*$!
{
	archiveVersion = 1;
	classes = {
	};
	objectVersion = 50;
	objects = {

/* Begin PBXBuildFile section */
		C618541821159AF70012E37C /* AVKit.framework in Frameworks */ = {isa = PBXBuildFile; fileRef = C618541721159AF70012E37C /* AVKit.framework */; };
		C618541C2115A24B0012E37C /* CCTVVideoListVC.swift in Sources */ = {isa = PBXBuildFile; fileRef = C618541B2115A24B0012E37C /* CCTVVideoListVC.swift */; };
		C618541E2115A7BE0012E37C /* CCTVVideoCell.swift in Sources */ = {isa = PBXBuildFile; fileRef = C618541D2115A7BE0012E37C /* CCTVVideoCell.swift */; };
		C61854202115AAD20012E37C /* UserData.swift in Sources */ = {isa = PBXBuildFile; fileRef = C618541F2115AAD20012E37C /* UserData.swift */; };
		C61854222115AADC0012E37C /* CCTVData.swift in Sources */ = {isa = PBXBuildFile; fileRef = C61854212115AADC0012E37C /* CCTVData.swift */; };
		C618D82B21142E9100FD01C2 /* AppDelegate.swift in Sources */ = {isa = PBXBuildFile; fileRef = C618D82A21142E9100FD01C2 /* AppDelegate.swift */; };
		C618D83021142E9100FD01C2 /* Main.storyboard in Resources */ = {isa = PBXBuildFile; fileRef = C618D82E21142E9100FD01C2 /* Main.storyboard */; };
		C618D83321142E9100FD01C2 /* IdentiFace.xcdatamodeld in Sources */ = {isa = PBXBuildFile; fileRef = C618D83121142E9100FD01C2 /* IdentiFace.xcdatamodeld */; };
		C618D83521142E9200FD01C2 /* Assets.xcassets in Resources */ = {isa = PBXBuildFile; fileRef = C618D83421142E9200FD01C2 /* Assets.xcassets */; };
		C618D83821142E9200FD01C2 /* LaunchScreen.storyboard in Resources */ = {isa = PBXBuildFile; fileRef = C618D83621142E9200FD01C2 /* LaunchScreen.storyboard */; };
/* End PBXBuildFile section */

/* Begin PBXFileReference section */
		C618541721159AF70012E37C /* AVKit.framework */ = {isa = PBXFileReference; lastKnownFileType = wrapper.framework; name = AVKit.framework; path = System/Library/Frameworks/AVKit.framework; sourceTree = SDKROOT; };
		C618541B2115A24B0012E37C /* CCTVVideoListVC.swift */ = {isa = PBXFileReference; lastKnownFileType = sourcecode.swift; path = CCTVVideoListVC.swift; sourceTree = "<group>"; };
		C618541D2115A7BE0012E37C /* CCTVVideoCell.swift */ = {isa = PBXFileReference; lastKnownFileType = sourcecode.swift; path = CCTVVideoCell.swift; sourceTree = "<group>"; };
		C618541F2115AAD20012E37C /* UserData.swift */ = {isa = PBXFileReference; lastKnownFileType = sourcecode.swift; path = UserData.swift; sourceTree = "<group>"; };
		C61854212115AADC0012E37C /* CCTVData.swift */ = {isa = PBXFileReference; lastKnownFileType = sourcecode.swift; path = CCTVData.swift; sourceTree = "<group>"; };
		C618D82721142E9100FD01C2 /* IdentiFace.app */ = {isa = PBXFileReference; explicitFileType = wrapper.application; includeInIndex = 0; path = IdentiFace.app; sourceTree = BUILT_PRODUCTS_DIR; };
		C618D82A21142E9100FD01C2 /* AppDelegate.swift */ = {isa = PBXFileReference; lastKnownFileType = sourcecode.swift; path = AppDelegate.swift; sourceTree = "<group>"; };
		C618D82F21142E9100FD01C2 /* Base */ = {isa = PBXFileReference; lastKnownFileType = file.storyboard; name = Base; path = Base.lproj/Main.storyboard; sourceTree = "<group>"; };
		C618D83221142E9100FD01C2 /* IdentiFace.xcdatamodel */ = {isa = PBXFileReference; lastKnownFileType = wrapper.xcdatamodel; path = IdentiFace.xcdatamodel; sourceTree = "<group>"; };
		C618D83421142E9200FD01C2 /* Assets.xcassets */ = {isa = PBXFileReference; lastKnownFileType = folder.assetcatalog; path = Assets.xcassets; sourceTree = "<group>"; };
		C618D83721142E9200FD01C2 /* Base */ = {isa = PBXFileReference; lastKnownFileType = file.storyboard; name = Base; path = Base.lproj/LaunchScreen.storyboard; sourceTree = "<group>"; };
		C618D83921142E9200FD01C2 /* Info.plist */ = {isa = PBXFileReference; lastKnownFileType = text.plist.xml; path = Info.plist; sourceTree = "<group>"; };
/* End PBXFileReference section */

/* Begin PBXFrameworksBuildPhase section */
		C618D82421142E9100FD01C2 /* Frameworks */ = {
			isa = PBXFrameworksBuildPhase;
			buildActionMask = 2147483647;
			files = (
				C618541821159AF70012E37C /* AVKit.framework in Frameworks */,
			);
			runOnlyForDeploymentPostprocessing = 0;
		};
/* End PBXFrameworksBuildPhase section */

/* Begin PBXGroup section */
		C6185411211596B40012E37C /* StoryBoard */ = {
			isa = PBXGroup;
			children = (
				C618D83621142E9200FD01C2 /* LaunchScreen.storyboard */,
				C618D82E21142E9100FD01C2 /* Main.storyboard */,
			);
			name = StoryBoard;
			sourceTree = "<group>";
		};
		C6185412211596BC0012E37C /* Setting */ = {
			isa = PBXGroup;
			children = (
			);
			path = Setting;
			sourceTree = "<group>";
		};
		C6185413211596C20012E37C /* UserManagement */ = {
			isa = PBXGroup;
			children = (
			);
			name = UserManagement;
			sourceTree = "<group>";
		};
		C6185414211596CD0012E37C /* CCTV */ = {
			isa = PBXGroup;
			children = (
				C618541B2115A24B0012E37C /* CCTVVideoListVC.swift */,
				C618541D2115A7BE0012E37C /* CCTVVideoCell.swift */,
			);
			path = CCTV;
			sourceTree = "<group>";
		};
		C6185415211596E20012E37C /* data */ = {
			isa = PBXGroup;
			children = (
				C618D83921142E9200FD01C2 /* Info.plist */,
				C618541F2115AAD20012E37C /* UserData.swift */,
				C61854212115AADC0012E37C /* CCTVData.swift */,
			);
			name = data;
			sourceTree = "<group>";
		};
		C618541621159AF60012E37C /* Frameworks */ = {
			isa = PBXGroup;
			children = (
				C618541721159AF70012E37C /* AVKit.framework */,
			);
			name = Frameworks;
			sourceTree = "<group>";
		};
		C618D81E21142E9100FD01C2 = {
			isa = PBXGroup;
			children = (
				C618D82921142E9100FD01C2 /* IdentiFace */,
				C618D82821142E9100FD01C2 /* Products */,
				C618541621159AF60012E37C /* Frameworks */,
			);
			sourceTree = "<group>";
		};
		C618D82821142E9100FD01C2 /* Products */ = {
			isa = PBXGroup;
			children = (
				C618D82721142E9100FD01C2 /* IdentiFace.app */,
			);
			name = Products;
			sourceTree = "<group>";
		};
		C618D82921142E9100FD01C2 /* IdentiFace */ = {
			isa = PBXGroup;
			children = (
				C6185415211596E20012E37C /* data */,
				C6185414211596CD0012E37C /* CCTV */,
				C6185413211596C20012E37C /* UserManagement */,
				C6185412211596BC0012E37C /* Setting */,
				C6185411211596B40012E37C /* StoryBoard */,
				C618D82A21142E9100FD01C2 /* AppDelegate.swift */,
				C618D83421142E9200FD01C2 /* Assets.xcassets */,
				C618D83121142E9100FD01C2 /* IdentiFace.xcdatamodeld */,
			);
			path = IdentiFace;
			sourceTree = "<group>";
		};
/* End PBXGroup section */

/* Begin PBXNativeTarget section */
		C618D82621142E9100FD01C2 /* IdentiFace */ = {
			isa = PBXNativeTarget;
			buildConfigurationList = C618D83C21142E9200FD01C2 /* Build configuration list for PBXNativeTarget "IdentiFace" */;
			buildPhases = (
				C618D82321142E9100FD01C2 /* Sources */,
				C618D82421142E9100FD01C2 /* Frameworks */,
				C618D82521142E9100FD01C2 /* Resources */,
			);
			buildRules = (
			);
			dependencies = (
			);
			name = IdentiFace;
			productName = IdentiFace;
			productReference = C618D82721142E9100FD01C2 /* IdentiFace.app */;
			productType = "com.apple.product-type.application";
		};
/* End PBXNativeTarget section */

/* Begin PBXProject section */
		C618D81F21142E9100FD01C2 /* Project object */ = {
			isa = PBXProject;
			attributes = {
				LastSwiftUpdateCheck = 0940;
				LastUpgradeCheck = 0940;
				ORGANIZATIONNAME = "CE-MAC-23";
				TargetAttributes = {
					C618D82621142E9100FD01C2 = {
						CreatedOnToolsVersion = 9.4.1;
					};
				};
			};
			buildConfigurationList = C618D82221142E9100FD01C2 /* Build configuration list for PBXProject "IdentiFace" */;
			compatibilityVersion = "Xcode 9.3";
			developmentRegion = en;
			hasScannedForEncodings = 0;
			knownRegions = (
				en,
				Base,
			);
			mainGroup = C618D81E21142E9100FD01C2;
			productRefGroup = C618D82821142E9100FD01C2 /* Products */;
			projectDirPath = "";
			projectRoot = "";
			targets = (
				C618D82621142E9100FD01C2 /* IdentiFace */,
			);
		};
/* End PBXProject section */

/* Begin PBXResourcesBuildPhase section */
		C618D82521142E9100FD01C2 /* Resources */ = {
			isa = PBXResourcesBuildPhase;
			buildActionMask = 2147483647;
			files = (
				C618D83821142E9200FD01C2 /* LaunchScreen.storyboard in Resources */,
				C618D83521142E9200FD01C2 /* Assets.xcassets in Resources */,
				C618D83021142E9100FD01C2 /* Main.storyboard in Resources */,
			);
			runOnlyForDeploymentPostprocessing = 0;
		};
/* End PBXResourcesBuildPhase section */

/* Begin PBXSourcesBuildPhase section */
		C618D82321142E9100FD01C2 /* Sources */ = {
			isa = PBXSourcesBuildPhase;
			buildActionMask = 2147483647;
			files = (
				C618541C2115A24B0012E37C /* CCTVVideoListVC.swift in Sources */,
				C618541E2115A7BE0012E37C /* CCTVVideoCell.swift in Sources */,
				C618D82B21142E9100FD01C2 /* AppDelegate.swift in Sources */,
				C61854222115AADC0012E37C /* CCTVData.swift in Sources */,
				C61854202115AAD20012E37C /* UserData.swift in Sources */,
				C618D83321142E9100FD01C2 /* IdentiFace.xcdatamodeld in Sources */,
			);
			runOnlyForDeploymentPostprocessing = 0;
		};
/* End PBXSourcesBuildPhase section */

/* Begin PBXVariantGroup section */
		C618D82E21142E9100FD01C2 /* Main.storyboard */ = {
			isa = PBXVariantGroup;
			children = (
				C618D82F21142E9100FD01C2 /* Base */,
			);
			name = Main.storyboard;
			sourceTree = "<group>";
		};
		C618D83621142E9200FD01C2 /* LaunchScreen.storyboard */ = {
			isa = PBXVariantGroup;
			children = (
				C618D83721142E9200FD01C2 /* Base */,
			);
			name = LaunchScreen.storyboard;
			sourceTree = "<group>";
		};
/* End PBXVariantGroup section */

/* Begin XCBuildConfiguration section */
		C618D83A21142E9200FD01C2 /* Debug */ = {
			isa = XCBuildConfiguration;
			buildSettings = {
				ALWAYS_SEARCH_USER_PATHS = NO;
				CLANG_ANALYZER_NONNULL = YES;
				CLANG_ANALYZER_NUMBER_OBJECT_CONVERSION = YES_AGGRESSIVE;
				CLANG_CXX_LANGUAGE_STANDARD = "gnu++14";
				CLANG_CXX_LIBRARY = "libc++";
				CLANG_ENABLE_MODULES = YES;
				CLANG_ENABLE_OBJC_ARC = YES;
				CLANG_ENABLE_OBJC_WEAK = YES;
				CLANG_WARN_BLOCK_CAPTURE_AUTORELEASING = YES;
				CLANG_WARN_BOOL_CONVERSION = YES;
				CLANG_WARN_COMMA = YES;
				CLANG_WARN_CONSTANT_CONVERSION = YES;
				CLANG_WARN_DEPRECATED_OBJC_IMPLEMENTATIONS = YES;
				CLANG_WARN_DIRECT_OBJC_ISA_USAGE = YES_ERROR;
				CLANG_WARN_DOCUMENTATION_COMMENTS = YES;
				CLANG_WARN_EMPTY_BODY = YES;
				CLANG_WARN_ENUM_CONVERSION = YES;
				CLANG_WARN_INFINITE_RECURSION = YES;
				CLANG_WARN_INT_CONVERSION = YES;
				CLANG_WARN_NON_LITERAL_NULL_CONVERSION = YES;
				CLANG_WARN_OBJC_IMPLICIT_RETAIN_SELF = YES;
				CLANG_WARN_OBJC_LITERAL_CONVERSION = YES;
				CLANG_WARN_OBJC_ROOT_CLASS = YES_ERROR;
				CLANG_WARN_RANGE_LOOP_ANALYSIS = YES;
				CLANG_WARN_STRICT_PROTOTYPES = YES;
				CLANG_WARN_SUSPICIOUS_MOVE = YES;
				CLANG_WARN_UNGUARDED_AVAILABILITY = YES_AGGRESSIVE;
				CLANG_WARN_UNREACHABLE_CODE = YES;
				CLANG_WARN__DUPLICATE_METHOD_MATCH = YES;
				CODE_SIGN_IDENTITY = "iPhone Developer";
				COPY_PHASE_STRIP = NO;
				DEBUG_INFORMATION_FORMAT = dwarf;
				ENABLE_STRICT_OBJC_MSGSEND = YES;
				ENABLE_TESTABILITY = YES;
				GCC_C_LANGUAGE_STANDARD = gnu11;
				GCC_DYNAMIC_NO_PIC = NO;
				GCC_NO_COMMON_BLOCKS = YES;
				GCC_OPTIMIZATION_LEVEL = 0;
				GCC_PREPROCESSOR_DEFINITIONS = (
					"DEBUG=1",
					"$(inherited)",
				);
				GCC_WARN_64_TO_32_BIT_CONVERSION = YES;
				GCC_WARN_ABOUT_RETURN_TYPE = YES_ERROR;
				GCC_WARN_UNDECLARED_SELECTOR = YES;
				GCC_WARN_UNINITIALIZED_AUTOS = YES_AGGRESSIVE;
				GCC_WARN_UNUSED_FUNCTION = YES;
				GCC_WARN_UNUSED_VARIABLE = YES;
				IPHONEOS_DEPLOYMENT_TARGET = 11.4;
				MTL_ENABLE_DEBUG_INFO = YES;
				ONLY_ACTIVE_ARCH = YES;
				SDKROOT = iphoneos;
				SWIFT_ACTIVE_COMPILATION_CONDITIONS = DEBUG;
				SWIFT_OPTIMIZATION_LEVEL = "-Onone";
			};
			name = Debug;
		};
		C618D83B21142E9200FD01C2 /* Release */ = {
			isa = XCBuildConfiguration;
			buildSettings = {
				ALWAYS_SEARCH_USER_PATHS = NO;
				CLANG_ANALYZER_NONNULL = YES;
				CLANG_ANALYZER_NUMBER_OBJECT_CONVERSION = YES_AGGRESSIVE;
				CLANG_CXX_LANGUAGE_STANDARD = "gnu++14";
				CLANG_CXX_LIBRARY = "libc++";
				CLANG_ENABLE_MODULES = YES;
				CLANG_ENABLE_OBJC_ARC = YES;
				CLANG_ENABLE_OBJC_WEAK = YES;
				CLANG_WARN_BLOCK_CAPTURE_AUTORELEASING = YES;
				CLANG_WARN_BOOL_CONVERSION = YES;
				CLANG_WARN_COMMA = YES;
				CLANG_WARN_CONSTANT_CONVERSION = YES;
				CLANG_WARN_DEPRECATED_OBJC_IMPLEMENTATIONS = YES;
				CLANG_WARN_DIRECT_OBJC_ISA_USAGE = YES_ERROR;
				CLANG_WARN_DOCUMENTATION_COMMENTS = YES;
				CLANG_WARN_EMPTY_BODY = YES;
				CLANG_WARN_ENUM_CONVERSION = YES;
				CLANG_WARN_INFINITE_RECURSION = YES;
				CLANG_WARN_INT_CONVERSION = YES;
				CLANG_WARN_NON_LITERAL_NULL_CONVERSION = YES;
				CLANG_WARN_OBJC_IMPLICIT_RETAIN_SELF = YES;
				CLANG_WARN_OBJC_LITERAL_CONVERSION = YES;
				CLANG_WARN_OBJC_ROOT_CLASS = YES_ERROR;
				CLANG_WARN_RANGE_LOOP_ANALYSIS = YES;
				CLANG_WARN_STRICT_PROTOTYPES = YES;
				CLANG_WARN_SUSPICIOUS_MOVE = YES;
				CLANG_WARN_UNGUARDED_AVAILABILITY = YES_AGGRESSIVE;
				CLANG_WARN_UNREACHABLE_CODE = YES;
				CLANG_WARN__DUPLICATE_METHOD_MATCH = YES;
				CODE_SIGN_IDENTITY = "iPhone Developer";
				COPY_PHASE_STRIP = NO;
				DEBUG_INFORMATION_FORMAT = "dwarf-with-dsym";
				ENABLE_NS_ASSERTIONS = NO;
				ENABLE_STRICT_OBJC_MSGSEND = YES;
				GCC_C_LANGUAGE_STANDARD = gnu11;
				GCC_NO_COMMON_BLOCKS = YES;
				GCC_WARN_64_TO_32_BIT_CONVERSION = YES;
				GCC_WARN_ABOUT_RETURN_TYPE = YES_ERROR;
				GCC_WARN_UNDECLARED_SELECTOR = YES;
				GCC_WARN_UNINITIALIZED_AUTOS = YES_AGGRESSIVE;
				GCC_WARN_UNUSED_FUNCTION = YES;
				GCC_WARN_UNUSED_VARIABLE = YES;
				IPHONEOS_DEPLOYMENT_TARGET = 11.4;
				MTL_ENABLE_DEBUG_INFO = NO;
				SDKROOT = iphoneos;
				SWIFT_COMPILATION_MODE = wholemodule;
				SWIFT_OPTIMIZATION_LEVEL = "-O";
				VALIDATE_PRODUCT = YES;
			};
			name = Release;
		};
		C618D83D21142E9200FD01C2 /* Debug */ = {
			isa = XCBuildConfiguration;
			buildSettings = {
				ASSETCATALOG_COMPILER_APPICON_NAME = AppIcon;
				CODE_SIGN_STYLE = Automatic;
				INFOPLIST_FILE = IdentiFace/Info.plist;
				LD_RUNPATH_SEARCH_PATHS = (
					"$(inherited)",
					"@executable_path/Frameworks",
				);
				PRODUCT_BUNDLE_IDENTIFIER = com.rama033.IdentiFace;
				PRODUCT_NAME = "$(TARGET_NAME)";
				SWIFT_VERSION = 4.0;
				TARGETED_DEVICE_FAMILY = "1,2";
			};
			name = Debug;
		};
		C618D83E21142E9200FD01C2 /* Release */ = {
			isa = XCBuildConfiguration;
			buildSettings = {
				ASSETCATALOG_COMPILER_APPICON_NAME = AppIcon;
				CODE_SIGN_STYLE = Automatic;
				INFOPLIST_FILE = IdentiFace/Info.plist;
				LD_RUNPATH_SEARCH_PATHS = (
					"$(inherited)",
					"@executable_path/Frameworks",
				);
				PRODUCT_BUNDLE_IDENTIFIER = com.rama033.IdentiFace;
				PRODUCT_NAME = "$(TARGET_NAME)";
				SWIFT_VERSION = 4.0;
				TARGETED_DEVICE_FAMILY = "1,2";
			};
			name = Release;
		};
/* End XCBuildConfiguration section */

/* Begin XCConfigurationList section */
		C618D82221142E9100FD01C2 /* Build configuration list for PBXProject "IdentiFace" */ = {
			isa = XCConfigurationList;
			buildConfigurations = (
				C618D83A21142E9200FD01C2 /* Debug */,
				C618D83B21142E9200FD01C2 /* Release */,
			);
			defaultConfigurationIsVisible = 0;
			defaultConfigurationName = Release;
		};
		C618D83C21142E9200FD01C2 /* Build configuration list for PBXNativeTarget "IdentiFace" */ = {
			isa = XCConfigurationList;
			buildConfigurations = (
				C618D83D21142E9200FD01C2 /* Debug */,
				C618D83E21142E9200FD01C2 /* Release */,
			);
			defaultConfigurationIsVisible = 0;
			defaultConfigurationName = Release;
		};
/* End XCConfigurationList section */

/* Begin XCVersionGroup section */
		C618D83121142E9100FD01C2 /* IdentiFace.xcdatamodeld */ = {
			isa = XCVersionGroup;
			children = (
				C618D83221142E9100FD01C2 /* IdentiFace.xcdatamodel */,
			);
			currentVersion = C618D83221142E9100FD01C2 /* IdentiFace.xcdatamodel */;
			path = IdentiFace.xcdatamodeld;
			sourceTree = "<group>";
			versionGroupType = wrapper.xcdatamodel;
		};
/* End XCVersionGroup section */
	};
	rootObject = C618D81F21142E9100FD01C2 /* Project object */;
}
